
Microsoft Visual Studio Solution File, Format Version 12.00
# Visual Studio Version 16
VisualStudioVersion = 16.0.30804.86
MinimumVisualStudioVersion = 10.0.40219.1
Project("{FAE04EC0-301F-11D3-BF4B-00C04F79EFBC}") = "JasonDeser", "JasonDeser\JasonDeser.csproj", "{A10B808B-9990-467C-AA73-31BE3E73B33D}"
EndProject
Global
	GlobalSection(SolutionConfigurationPlatforms) = preSolution
		Debug|Any CPU = Debug|Any CPU
		Release|Any CPU = Release|Any CPU
	EndGlobalSection
	GlobalSection(ProjectConfigurationPlatforms) = postSolution
		{A10B808B-9990-467C-AA73-31BE3E73B33D}.Debug|Any CPU.ActiveCfg = Debug|Any CPU
		{A10B808B-9990-467C-AA73-31BE3E73B33D}.Debug|Any CPU.Build.0 = Debug|Any CPU
		{A10B808B-9990-467C-AA73-31BE3E73B33D}.Release|Any CPU.ActiveCfg = Release|Any CPU
		{A10B808B-9990-467C-AA73-31BE3E73B33D}.Release|Any CPU.Build.0 = Release|Any CPU
	EndGlobalSection
	GlobalSection(SolutionProperties) = preSolution
		HideSolutionNode = FALSE
	EndGlobalSection
	GlobalSection(ExtensibilityGlobals) = postSolution
		SolutionGuid = {C9DFF1A3-CD14-4AF9-8F29-B86761692FB9}
	EndGlobalSection
EndGlobal
